{
  "lockfileVersion": 1,
  "configVersion": 1,
  "workspaces": {
    "": {
      "name": "@toon/benchmarks",
      "devDependencies": {
        "@ai-sdk/anthropic": "^3.0.78",
        "@ai-sdk/google": "^3.0.75",
        "@ai-sdk/openai": "^3.0.64",
        "@ai-sdk/provider": "^3.0.10",
        "@ai-sdk/xai": "^3.0.91",
        "@clack/prompts": "^1.4.0",
        "@faker-js/faker": "^10.4.0",
        "ai": "^6.0.185",
        "csv-stringify": "^6.7.0",
        "fast-xml-parser": "^5.8.0",
        "gpt-tokenizer": "^3.4.0",
        "ofetch": "^1.5.1",
        "p-map": "^7.0.4",
        "p-queue": "^9.3.0",
        "unstorage": "^1.17.5",
        "yaml": "^2.9.0",
      },
    },
  },
  "packages": {
    "@ai-sdk/anthropic": ["@ai-sdk/anthropic@3.0.96", "", { "dependencies": { "@ai-sdk/provider": "3.0.14", "@ai-sdk/provider-utils": "4.0.38" }, "peerDependencies": { "zod": "^3.25.76 || ^4.1.8" } }, "sha512-6VQzaXQdm5FkX6NWOyKzV5GB11C8IqkgsKZE91lg/bdwyvnQJLDwal2qkE0+fC8CCGeW5d+VV8Mw/+H+OcDC1A=="],

    "@ai-sdk/gateway": ["@ai-sdk/gateway@3.0.149", "", { "dependencies": { "@ai-sdk/provider": "3.0.14", "@ai-sdk/provider-utils": "4.0.38", "@vercel/oidc": "3.2.0" }, "peerDependencies": { "zod": "^3.25.76 || ^4.1.8" } }, "sha512-+EVPEHqdJVJn0FZHBd6NyH4rvlTK7X79B6xFuW5bfZIP1G/7Y5OTEgxpL0hjOCAxDBG4ZFM6SZWnVBXxeR1x8w=="],

    "@ai-sdk/google": ["@ai-sdk/google@3.0.91", "", { "dependencies": { "@ai-sdk/provider": "3.0.14", "@ai-sdk/provider-utils": "4.0.38" }, "peerDependencies": { "zod": "^3.25.76 || ^4.1.8" } }, "sha512-d/ho+sDjArFjreE2002t9jE4LXX3wde97dN2HCLCX1l41gaJV3wf/c/19axjUNfIf/4uUq+nJmhBO0lW/dg3yw=="],

    "@ai-sdk/openai": ["@ai-sdk/openai@3.0.84", "", { "dependencies": { "@ai-sdk/provider": "3.0.14", "@ai-sdk/provider-utils": "4.0.38" }, "peerDependencies": { "zod": "^3.25.76 || ^4.1.8" } }, "sha512-cmgbeJL0bbY0yTJH4/AdmP5E7MjWRL9G8UdhIi0JlV/So03o82ORJofW8OzwCZPTORVQblFbpZXYGDcUd9NdUQ=="],

    "@ai-sdk/openai-compatible": ["@ai-sdk/openai-compatible@2.0.59", "", { "dependencies": { "@ai-sdk/provider": "3.0.14", "@ai-sdk/provider-utils": "4.0.38" }, "peerDependencies": { "zod": "^3.25.76 || ^4.1.8" } }, "sha512-CFsUizO+jL+jSlN13rW2nQE9EbWx+8PSFBdB3TtD0UGYOxtefCVa5hsrNo5NUOJJGX5f4xHiXE1i2m5nQ80QPg=="],

    "@ai-sdk/provider": ["@ai-sdk/provider@3.0.14", "", { "dependencies": { "json-schema": "^0.4.0" } }, "sha512-5X1k57JBJ4H7H1QjX7CnJYAB1I19r/trVZTMcSms7/kLNZ8RaU4Nt2agcwZzv82Hfx6Q7/TOLU7agAKeFfc8cA=="],

    "@ai-sdk/provider-utils": ["@ai-sdk/provider-utils@4.0.38", "", { "dependencies": { "@ai-sdk/provider": "3.0.14", "@standard-schema/spec": "^1.1.0", "eventsource-parser": "^3.0.8" }, "peerDependencies": { "zod": "^3.25.76 || ^4.1.8" } }, "sha512-/HHGmtKllqjg1OLc023v9w9kK3laW7Z6TzfZukYQWCsGBbzB9p60zTvvpXFVcs44NZBVXL3viOa1HRKUbeee8g=="],

    "@ai-sdk/xai": ["@ai-sdk/xai@3.0.106", "", { "dependencies": { "@ai-sdk/openai-compatible": "2.0.59", "@ai-sdk/provider": "3.0.14", "@ai-sdk/provider-utils": "4.0.38" }, "peerDependencies": { "zod": "^3.25.76 || ^4.1.8" } }, "sha512-mX6uXo3u6kdvF+lTUiWVnn6SeLpMiriqlJmxVU6hOUxaC2ud+/9QrUk4mrX4pm0MJwQ78NlBaq+m/b0MoMit+g=="],

    "@clack/core": ["@clack/core@1.4.3", "", { "dependencies": { "fast-wrap-ansi": "^0.2.0", "sisteransi": "^1.0.5" } }, "sha512-/kr3UWNtdJfxZtPgDqUOmG2pvwlmcLGheex5yiZKdwbzZJxhV+HMNR9QNmyY5cGwTNV6LrR7Jtp+KjhUAP1qBQ=="],

    "@clack/prompts": ["@clack/prompts@1.7.0", "", { "dependencies": { "@clack/core": "1.4.3", "fast-string-width": "^3.0.2", "fast-wrap-ansi": "^0.2.0", "sisteransi": "^1.0.5" } }, "sha512-y7/yvZ2TPAnR9+jnc00klvNNLkJiXFFrQA/hlLCcxA9a2A4zQIOimyFQ9XfwYKiGD1fb5GY8vbKIIgO8d5Tb2A=="],

    "@faker-js/faker": ["@faker-js/faker@10.5.0", "", {}, "sha512-bsxD8WLS5lIj7aaoCx1YJkktqYj5vlBUE6HWzu2Q51ksrGJ0H737ECCKlFU7Yf8Br45z9t99frBp/J7kzbMPAg=="],

    "@nodable/entities": ["@nodable/entities@2.2.0", "", {}, "sha512-9uGyhaQavEUMC8AIddIjau4NsnsXhou+j5sBAGojCM1oxmQpVKTWR/9JxABD6UAv12vpIms55fPZKFQEhG6uBg=="],

    "@opentelemetry/api": ["@opentelemetry/api@1.9.1", "", {}, "sha512-gLyJlPHPZYdAk1JENA9LeHejZe1Ti77/pTeFm/nMXmQH/HFZlcS/O2XJB+L8fkbrNSqhdtlvjBVjxwUYanNH5Q=="],

    "@standard-schema/spec": ["@standard-schema/spec@1.1.0", "", {}, "sha512-l2aFy5jALhniG5HgqrD6jXLi/rUWrKvqN/qJx6yoJsgKhblVd+iqqU4RCXavm/jPityDo5TCvKMnpjKnOriy0w=="],

    "@vercel/oidc": ["@vercel/oidc@3.2.0", "", {}, "sha512-UycprH3T6n3jH0k44NHMa7pnFHGu/N05MjojYr+Mc6I7obkoLIJujSWwin1pCvdy/eOxrI/l3uDLQsmcrOb4ug=="],

    "ai": ["ai@6.0.225", "", { "dependencies": { "@ai-sdk/gateway": "3.0.149", "@ai-sdk/provider": "3.0.14", "@ai-sdk/provider-utils": "4.0.38", "@opentelemetry/api": "^1.9.0" }, "peerDependencies": { "zod": "^3.25.76 || ^4.1.8" } }, "sha512-TCkt/NxyZFyXyHeGO/4FMsdTIoCdwV/e78jG9iEHIjnwrAHYlqOwVj7WDFsNRqXUeoUefgbiOkNuE5k8jdpFRg=="],

    "anymatch": ["anymatch@3.1.3", "", { "dependencies": { "normalize-path": "^3.0.0", "picomatch": "^2.0.4" } }, "sha512-KMReFUr0B4t+D+OBkjR3KYqvocp2XaSzO55UcB6mgQMd3KbcE+mWTyvVV7D/zsdEbNnV6acZUutkiHQXvTr1Rw=="],

    "anynum": ["anynum@1.0.1", "", {}, "sha512-N6//FLET/tXYNM/F6ABca1oH6fWB+KlTt909Le28WMDBk8oaT4vY17DCrwg2MvmuqUKt3Ni4N5dGJ/EoBgcO6A=="],

    "chokidar": ["chokidar@5.0.0", "", { "dependencies": { "readdirp": "^5.0.0" } }, "sha512-TQMmc3w+5AxjpL8iIiwebF73dRDF4fBIieAqGn9RGCWaEVwQ6Fb2cGe31Yns0RRIzii5goJ1Y7xbMwo1TxMplw=="],

    "cookie-es": ["cookie-es@1.2.3", "", {}, "sha512-lXVyvUvrNXblMqzIRrxHb57UUVmqsSWlxqt3XIjCkUP0wDAf6uicO6KMbEgYrMNtEvWgWHwe42CKxPu9MYAnWw=="],

    "crossws": ["crossws@0.3.5", "", { "dependencies": { "uncrypto": "^0.1.3" } }, "sha512-ojKiDvcmByhwa8YYqbQI/hg7MEU0NC03+pSdEq4ZUnZR9xXpwk7E43SMNGkn+JxJGPFtNvQ48+vV2p+P1ml5PA=="],

    "csv-stringify": ["csv-stringify@6.8.1", "", {}, "sha512-tZ6X6TKQyQgCo5OptXcyAbfN1pwmoxEqELPQ7KFazNErx7kiVsDK8o+VYRXhfMl4N9vvOOLXuioquR2MeP847A=="],

    "defu": ["defu@6.1.7", "", {}, "sha512-7z22QmUWiQ/2d0KkdYmANbRUVABpZ9SNYyH5vx6PZ+nE5bcC0l7uFvEfHlyld/HcGBFTL536ClDt3DEcSlEJAQ=="],

    "destr": ["destr@2.0.5", "", {}, "sha512-ugFTXCtDZunbzasqBxrK93Ik/DRYsO6S/fedkWEMKqt04xZ4csmnmwGDBAb07QWNaGMAmnTIemsYZCksjATwsA=="],

    "eventemitter3": ["eventemitter3@5.0.4", "", {}, "sha512-mlsTRyGaPBjPedk6Bvw+aqbsXDtoAyAzm5MO7JgU+yVRyMQ5O8bD4Kcci7BS85f93veegeCPkL8R4GLClnjLFw=="],

    "eventsource-parser": ["eventsource-parser@3.1.0", "", {}, "sha512-kJezFj9YFAMLeORyi7aCLxLbD5/qWMQnoMVlVPyHIll7lgRJCc3JVln9Vgl9nwQi0YkMnhdGTMNn7CkRRAptMg=="],

    "fast-string-truncated-width": ["fast-string-truncated-width@3.0.3", "", {}, "sha512-0jjjIEL6+0jag3l2XWWizO64/aZVtpiGE3t0Zgqxv0DPuxiMjvB3M24fCyhZUO4KomJQPj3LTSUnDP3GpdwC0g=="],

    "fast-string-width": ["fast-string-width@3.0.2", "", { "dependencies": { "fast-string-truncated-width": "^3.0.2" } }, "sha512-gX8LrtNEI5hq8DVUfRQMbr5lpaS4nMIWV+7XEbXk2b8kiQIizgnlr12B4dA3ZEx3308ze0O4Q1R+cHts8kyUJg=="],

    "fast-wrap-ansi": ["fast-wrap-ansi@0.2.2", "", { "dependencies": { "fast-string-width": "^3.0.2" } }, "sha512-7F2Fl+TjRSenLqlU3UjSH0iyqopqoZIu7eZVpEirP2g1GtWa2G/ecEmBdgz31+Mxr+ELclgg6sokpSFIQiZ02Q=="],

    "fast-xml-builder": ["fast-xml-builder@1.3.0", "", { "dependencies": { "path-expression-matcher": "^1.6.2", "xml-naming": "^0.3.0" } }, "sha512-F74cZEdCvuw9P41GAC3rod4X04jjWGM1JPEv/GWSqFTWLsdyMSBMBMlm9Hk3GLBgLBbdBNY8yee0pQh2RBVESQ=="],

    "fast-xml-parser": ["fast-xml-parser@5.10.0", "", { "dependencies": { "@nodable/entities": "^2.2.0", "fast-xml-builder": "^1.2.0", "is-unsafe": "^2.0.0", "path-expression-matcher": "^1.6.2", "strnum": "^2.4.1", "xml-naming": "^0.3.0" }, "bin": { "fxparser": "src/cli/cli.js" } }, "sha512-SLhnTEqE5QpJHq/6zl9bsmImEP2adv+y6Wy+cJa7nVTRzQh1OZfCe9k29M5xN74LWnu0xa1zrUrq3KnOKl92Fg=="],

    "gpt-tokenizer": ["gpt-tokenizer@3.4.0", "", {}, "sha512-wxFLnhIXTDjYebd9A9pGl3e31ZpSypbpIJSOswbgop5jLte/AsZVDvjlbEuVFlsqZixVKqbcoNmRlFDf6pz/UQ=="],

    "h3": ["h3@1.15.11", "", { "dependencies": { "cookie-es": "^1.2.3", "crossws": "^0.3.5", "defu": "^6.1.6", "destr": "^2.0.5", "iron-webcrypto": "^1.2.1", "node-mock-http": "^1.0.4", "radix3": "^1.1.2", "ufo": "^1.6.3", "uncrypto": "^0.1.3" } }, "sha512-L3THSe2MPeBwgIZVSH5zLdBBU90TOxarvhK9d04IDY2AmVS8j2Jz2LIWtwsGOU3lu2I5jCN7FNvVfY2+XyF+mg=="],

    "iron-webcrypto": ["iron-webcrypto@1.2.1", "", {}, "sha512-feOM6FaSr6rEABp/eDfVseKyTMDt+KGpeB35SkVn9Tyn0CqvVsY3EwI0v5i8nMHyJnzCIQf7nsy3p41TPkJZhg=="],

    "is-unsafe": ["is-unsafe@2.0.0", "", {}, "sha512-2LdV822R+wmI86unXA93WCFpL6g+av8ynWk0nrHyJqGop5VoocYsSLFgN8jrfalT6iGeLNM4KXuVSsULP53kEA=="],

    "json-schema": ["json-schema@0.4.0", "", {}, "sha512-es94M3nTIfsEPisRafak+HDLfHXnKBhV3vU5eqPcS3flIWqcxJWgXHXiey3YrpaNsanY5ei1VoYEbOzijuq9BA=="],

    "lru-cache": ["lru-cache@11.5.2", "", {}, "sha512-4pfM1Ff0x50o0tQwb5ucw/RzNyD0/YJME6IVcStalZuMWxdt3sR3huStTtxz4PUmvZfRguvDejasvQ2kifR11g=="],

    "node-fetch-native": ["node-fetch-native@1.6.7", "", {}, "sha512-g9yhqoedzIUm0nTnTqAQvueMPVOuIY16bqgAJJC8XOOubYFNwz6IER9qs0Gq2Xd0+CecCKFjtdDTMA4u4xG06Q=="],

    "node-mock-http": ["node-mock-http@1.0.4", "", {}, "sha512-8DY+kFsDkNXy1sJglUfuODx1/opAGJGyrTuFqEoN90oRc2Vk0ZbD4K2qmKXBBEhZQzdKHIVfEJpDU8Ak2NJEvQ=="],

    "normalize-path": ["normalize-path@3.0.0", "", {}, "sha512-6eZs5Ls3WtCisHWp9S2GUy8dqkpGi4BVSz3GaqiE6ezub0512ESztXUwUB6C6IKbQkY2Pnb/mD4WYojCRwcwLA=="],

    "ofetch": ["ofetch@1.5.1", "", { "dependencies": { "destr": "^2.0.5", "node-fetch-native": "^1.6.7", "ufo": "^1.6.1" } }, "sha512-2W4oUZlVaqAPAil6FUg/difl6YhqhUR7x2eZY4bQCko22UXg3hptq9KLQdqFClV+Wu85UX7hNtdGTngi/1BxcA=="],

    "p-map": ["p-map@7.0.5", "", {}, "sha512-e8vJF4XdVkzqqSHguEMz41mQO1wKwxKm5ENrUJQUu9kLDCtn83cxbyHZcszr4QC5zEA7WffRRC4gsTecC7J9oA=="],

    "p-queue": ["p-queue@9.3.1", "", { "dependencies": { "eventemitter3": "^5.0.4", "p-timeout": "^7.0.0" } }, "sha512-POWdiIPmsUPGwb4FeQ4OBg46aqmcInSWe45CKDsGHiOBiVQM9chqfQTuqhuTzcg2Vz9faTI65at0KkVyVEiCHw=="],

    "p-timeout": ["p-timeout@7.0.1", "", {}, "sha512-AxTM2wDGORHGEkPCt8yqxOTMgpfbEHqF51f/5fJCmwFC3C/zNcGT63SymH2ttOAaiIws2zVg4+izQCjrakcwHg=="],

    "path-expression-matcher": ["path-expression-matcher@1.6.2", "", {}, "sha512-enSlaiat05iasnzmgNxRj8reFdj3puY2QpNgP1aPIaVfT6nn9ICuPoFlKHk8EN22HcwewshO+mN2DGbkCEOtqQ=="],

    "picomatch": ["picomatch@2.3.2", "", {}, "sha512-V7+vQEJ06Z+c5tSye8S+nHUfI51xoXIXjHQ99cQtKUkQqqO1kO/KCJUfZXuB47h/YBlDhah2H3hdUGXn8ie0oA=="],

    "radix3": ["radix3@1.1.2", "", {}, "sha512-b484I/7b8rDEdSDKckSSBA8knMpcdsXudlE/LNL639wFoHKwLbEkQFZHWEYwDC0wa0FKUcCY+GAF73Z7wxNVFA=="],

    "readdirp": ["readdirp@5.0.0", "", {}, "sha512-9u/XQ1pvrQtYyMpZe7DXKv2p5CNvyVwzUB6uhLAnQwHMSgKMBR62lc7AHljaeteeHXn11XTAaLLUVZYVZyuRBQ=="],

    "sisteransi": ["sisteransi@1.0.5", "", {}, "sha512-bLGGlR1QxBcynn2d5YmDX4MGjlZvy2MRBDRNHLJ8VI6l6+9FUiyTFNJ0IveOSP0bcXgVDPRcfGqA0pjaqUpfVg=="],

    "strnum": ["strnum@2.4.1", "", { "dependencies": { "anynum": "^1.0.1" } }, "sha512-M9eUSMT2dCB2cTNPG7UYj6KuK7RJR2SN2+yCV/fTW3xzTCS6EaGZ5pSMgDIjB7r8zSfTGk+dvvn9rTjpVS9Mwg=="],

    "ufo": ["ufo@1.6.4", "", {}, "sha512-JFNbkD1Svwe0KvGi8GOeLcP4kAWQ609twvCdcHxq1oSL8svv39ZuSvajcD8B+5D0eL4+s1Is2D/O6KN3qcTeRA=="],

    "uncrypto": ["uncrypto@0.1.3", "", {}, "sha512-Ql87qFHB3s/De2ClA9e0gsnS6zXG27SkTiSJwjCc9MebbfapQfuPzumMIUMi38ezPZVNFcHI9sUIepeQfw8J8Q=="],

    "unstorage": ["unstorage@1.17.5", "", { "dependencies": { "anymatch": "^3.1.3", "chokidar": "^5.0.0", "destr": "^2.0.5", "h3": "^1.15.10", "lru-cache": "^11.2.7", "node-fetch-native": "^1.6.7", "ofetch": "^1.5.1", "ufo": "^1.6.3" }, "peerDependencies": { "@azure/app-configuration": "^1.8.0", "@azure/cosmos": "^4.2.0", "@azure/data-tables": "^13.3.0", "@azure/identity": "^4.6.0", "@azure/keyvault-secrets": "^4.9.0", "@azure/storage-blob": "^12.26.0", "@capacitor/preferences": "^6 || ^7 || ^8", "@deno/kv": ">=0.9.0", "@netlify/blobs": "^6.5.0 || ^7.0.0 || ^8.1.0 || ^9.0.0 || ^10.0.0", "@planetscale/database": "^1.19.0", "@upstash/redis": "^1.34.3", "@vercel/blob": ">=0.27.1", "@vercel/functions": "^2.2.12 || ^3.0.0", "@vercel/kv": "^1 || ^2 || ^3", "aws4fetch": "^1.0.20", "db0": ">=0.2.1", "idb-keyval": "^6.2.1", "ioredis": "^5.4.2", "uploadthing": "^7.4.4" }, "optionalPeers": ["@azure/app-configuration", "@azure/cosmos", "@azure/data-tables", "@azure/identity", "@azure/keyvault-secrets", "@azure/storage-blob", "@capacitor/preferences", "@deno/kv", "@netlify/blobs", "@planetscale/database", "@upstash/redis", "@vercel/blob", "@vercel/functions", "@vercel/kv", "aws4fetch", "db0", "idb-keyval", "ioredis", "uploadthing"] }, "sha512-0i3iqvRfx29hkNntHyQvJTpf5W9dQ9ZadSoRU8+xVlhVtT7jAX57fazYO9EHvcRCfBCyi5YRya7XCDOsbTgkPg=="],

    "xml-naming": ["xml-naming@0.3.0", "", {}, "sha512-ghig2TBE/H11aOVgmahA3MhimvkBr6JIYknH/Dhdk10nXwdbIqBJsbfMxpvFPG8bAw77gN29aQWvKpmVoPlvPQ=="],

    "yaml": ["yaml@2.9.0", "", { "bin": { "yaml": "bin.mjs" } }, "sha512-2AvhNX3mb8zd6Zy7INTtSpl1F15HW6Wnqj0srWlkKLcpYl/gMIMJiyuGq2KeI2YFxUPjdlB+3Lc10seMLtL4cA=="],

    "zod": ["zod@4.4.3", "", {}, "sha512-ytENFjIJFl2UwYglde2jchW2Hwm4GJFLDiSXWdTrJQBIN9Fcyp7n4DhxJEiWNAJMV1/BqWfW/kkg71UDcHJyTQ=="],
  }
}
